
Microsoft Visual Studio Solution File, Format Version 12.00
# Visual Studio 15
VisualStudioVersion = 15.0.27604.0
MinimumVisualStudioVersion = 10.0.40219.1
Project("{FAE04EC0-301F-11D3-BF4B-00C04F79EFBC}") = "ADarkBlazor", "ADarkBlazor\ADarkBlazor.csproj", "{EDBFE6B2-C756-4150-ADC6-67A9235BFBCB}"
EndProject
Global
	GlobalSection(SolutionConfigurationPlatforms) = preSolution
		Debug|Any CPU = Debug|Any CPU
		Release|Any CPU = Release|Any CPU
	EndGlobalSection
	GlobalSection(ProjectConfigurationPlatforms) = postSolution
		{EDBFE6B2-C756-4150-ADC6-67A9235BFBCB}.Debug|Any CPU.ActiveCfg = Debug|Any CPU
		{EDBFE6B2-C756-4150-ADC6-67A9235BFBCB}.Debug|Any CPU.Build.0 = Debug|Any CPU
		{EDBFE6B2-C756-4150-ADC6-67A9235BFBCB}.Release|Any CPU.ActiveCfg = Release|Any CPU
		{EDBFE6B2-C756-4150-ADC6-67A9235BFBCB}.Release|Any CPU.Build.0 = Release|Any CPU
	EndGlobalSection
	GlobalSection(SolutionProperties) = preSolution
		HideSolutionNode = FALSE
	EndGlobalSection
	GlobalSection(ExtensibilityGlobals) = postSolution
		SolutionGuid = {65191CB1-F75B-4D3E-AF0D-093C39E908DB}
	EndGlobalSection
EndGlobal
